{
  "nodes": {
    "nixpkgs": {
      "locked": {
        "lastModified": 1732364007,
        "narHash": "sha256-Lj6gX1/esPe3x1V+K9s9mJpjVjBFMuwsNq9VE5DzRcw=",
        "owner": "NixOS",
        "repo": "nixpkgs",
        "rev": "fcdc4b97678be77d373c76d30612ac156a88bb11",
        "type": "github"
      },
      "original": {
        "owner": "NixOS",
        "repo": "nixpkgs",
        "type": "github"
      }
    },
    "root": {
      "inputs": {
        "nixpkgs": "nixpkgs"
      }
    }
  },
  "root": "root",
  "version": 7
}
